# Code generated by scarb DO NOT EDIT.
version = 1

[[package]]
name = "snforge_scarb_plugin"
version = "0.41.0"
source = "registry+https://scarbs.xyz/"
checksum = "sha256:7228a3ea74d8decfb2294cee9251b537bbd58b3e243e9327f55e72a99ab5fb53"

[[package]]
name = "snforge_std"
version = "0.41.0"
source = "registry+https://scarbs.xyz/"
checksum = "sha256:edf116cbf62cbe2487f188cf28ceb9f42b08cfa14e197524281c3ce932f4a5e6"
dependencies = [
 "snforge_scarb_plugin",
]

[[package]]
name = "wadray"
version = "0.6.0"
dependencies = [
 "snforge_std",
]
